// !$*UTF8*$!
{
	archiveVersion = 1;
	classes = {
	};
	objectVersion = 46;
	objects = {

/* Begin PBXBuildFile section */
		CC7711831C08555A00FE588E /* main.m in Sources */ = {isa = PBXBuildFile; fileRef = CC7711821C08555A00FE588E /* main.m */; };
		CC7711861C08555A00FE588E /* AppDelegate.m in Sources */ = {isa = PBXBuildFile; fileRef = CC7711851C08555A00FE588E /* AppDelegate.m */; };
		CC7711891C08555A00FE588E /* ViewController.m in Sources */ = {isa = PBXBuildFile; fileRef = CC7711881C08555A00FE588E /* ViewController.m */; };
		CC77118C1C08555A00FE588E /* Main.storyboard in Resources */ = {isa = PBXBuildFile; fileRef = CC77118A1C08555A00FE588E /* Main.storyboard */; };
		CC77118E1C08555A00FE588E /* Images.xcassets in Resources */ = {isa = PBXBuildFile; fileRef = CC77118D1C08555A00FE588E /* Images.xcassets */; };
		CC7711911C08555A00FE588E /* LaunchScreen.xib in Resources */ = {isa = PBXBuildFile; fileRef = CC77118F1C08555A00FE588E /* LaunchScreen.xib */; };
		CC77119D1C08555A00FE588E /* __TestTests.m in Sources */ = {isa = PBXBuildFile; fileRef = CC77119C1C08555A00FE588E /* __TestTests.m */; };
/* End PBXBuildFile section */

/* Begin PBXContainerItemProxy section */
		CC7711971C08555A00FE588E /* PBXContainerItemProxy */ = {
			isa = PBXContainerItemProxy;
			containerPortal = CC7711751C08555A00FE588E /* Project object */;
			proxyType = 1;
			remoteGlobalIDString = CC77117C1C08555A00FE588E;
			remoteInfo = "相册Test";
		};
/* End PBXContainerItemProxy section */

/* Begin PBXFileReference section */
		CC77117D1C08555A00FE588E /* 相册Test.app */ = {isa = PBXFileReference; explicitFileType = wrapper.application; includeInIndex = 0; path = "相册Test.app"; sourceTree = BUILT_PRODUCTS_DIR; };
		CC7711811C08555A00FE588E /* Info.plist */ = {isa = PBXFileReference; lastKnownFileType = text.plist.xml; path = Info.plist; sourceTree = "<group>"; };
		CC7711821C08555A00FE588E /* main.m */ = {isa = PBXFileReference; lastKnownFileType = sourcecode.c.objc; path = main.m; sourceTree = "<group>"; };
		CC7711841C08555A00FE588E /* AppDelegate.h */ = {isa = PBXFileReference; lastKnownFileType = sourcecode.c.h; path = AppDelegate.h; sourceTree = "<group>"; };
		CC7711851C08555A00FE588E /* AppDelegate.m */ = {isa = PBXFileReference; lastKnownFileType = sourcecode.c.objc; path = AppDelegate.m; sourceTree = "<group>"; };
		CC7711871C08555A00FE588E /* ViewController.h */ = {isa = PBXFileReference; lastKnownFileType = sourcecode.c.h; path = ViewController.h; sourceTree = "<group>"; };
		CC7711881C08555A00FE588E /* ViewController.m */ = {isa = PBXFileReference; lastKnownFileType = sourcecode.c.objc; path = ViewController.m; sourceTree = "<group>"; };
		CC77118B1C08555A00FE588E /* Base */ = {isa = PBXFileReference; lastKnownFileType = file.storyboard; name = Base; path = Base.lproj/Main.storyboard; sourceTree = "<group>"; };
		CC77118D1C08555A00FE588E /* Images.xcassets */ = {isa = PBXFileReference; lastKnownFileType = folder.assetcatalog; path = Images.xcassets; sourceTree = "<group>"; };
		CC7711901C08555A00FE588E /* Base */ = {isa = PBXFileReference; lastKnownFileType = file.xib; name = Base; path = Base.lproj/LaunchScreen.xib; sourceTree = "<group>"; };
		CC7711961C08555A00FE588E /* 相册TestTests.xctest */ = {isa = PBXFileReference; explicitFileType = wrapper.cfbundle; includeInIndex = 0; path = "相册TestTests.xctest"; sourceTree = BUILT_PRODUCTS_DIR; };
		CC77119B1C08555A00FE588E /* Info.plist */ = {isa = PBXFileReference; lastKnownFileType = text.plist.xml; path = Info.plist; sourceTree = "<group>"; };
		CC77119C1C08555A00FE588E /* __TestTests.m */ = {isa = PBXFileReference; lastKnownFileType = sourcecode.c.objc; path = __TestTests.m; sourceTree = "<group>"; };
/* End PBXFileReference section */

/* Begin PBXFrameworksBuildPhase section */
		CC77117A1C08555A00FE588E /* Frameworks */ = {
			isa = PBXFrameworksBuildPhase;
			buildActionMask = 2147483647;
			files = (
			);
			runOnlyForDeploymentPostprocessing = 0;
		};
		CC7711931C08555A00FE588E /* Frameworks */ = {
			isa = PBXFrameworksBuildPhase;
			buildActionMask = 2147483647;
			files = (
			);
			runOnlyForDeploymentPostprocessing = 0;
		};
/* End PBXFrameworksBuildPhase section */

/* Begin PBXGroup section */
		CC7711741C08555A00FE588E = {
			isa = PBXGroup;
			children = (
				CC77117F1C08555A00FE588E /* 相册Test */,
				CC7711991C08555A00FE588E /* 相册TestTests */,
				CC77117E1C08555A00FE588E /* Products */,
			);
			sourceTree = "<group>";
		};
		CC77117E1C08555A00FE588E /* Products */ = {
			isa = PBXGroup;
			children = (
				CC77117D1C08555A00FE588E /* 相册Test.app */,
				CC7711961C08555A00FE588E /* 相册TestTests.xctest */,
			);
			name = Products;
			sourceTree = "<group>";
		};
		CC77117F1C08555A00FE588E /* 相册Test */ = {
			isa = PBXGroup;
			children = (
				CC7711841C08555A00FE588E /* AppDelegate.h */,
				CC7711851C08555A00FE588E /* AppDelegate.m */,
				CC7711871C08555A00FE588E /* ViewController.h */,
				CC7711881C08555A00FE588E /* ViewController.m */,
				CC77118A1C08555A00FE588E /* Main.storyboard */,
				CC77118D1C08555A00FE588E /* Images.xcassets */,
				CC77118F1C08555A00FE588E /* LaunchScreen.xib */,
				CC7711801C08555A00FE588E /* Supporting Files */,
			);
			path = "相册Test";
			sourceTree = "<group>";
		};
		CC7711801C08555A00FE588E /* Supporting Files */ = {
			isa = PBXGroup;
			children = (
				CC7711811C08555A00FE588E /* Info.plist */,
				CC7711821C08555A00FE588E /* main.m */,
			);
			name = "Supporting Files";
			sourceTree = "<group>";
		};
		CC7711991C08555A00FE588E /* 相册TestTests */ = {
			isa = PBXGroup;
			children = (
				CC77119C1C08555A00FE588E /* __TestTests.m */,
				CC77119A1C08555A00FE588E /* Supporting Files */,
			);
			path = "相册TestTests";
			sourceTree = "<group>";
		};
		CC77119A1C08555A00FE588E /* Supporting Files */ = {
			isa = PBXGroup;
			children = (
				CC77119B1C08555A00FE588E /* Info.plist */,
			);
			name = "Supporting Files";
			sourceTree = "<group>";
		};
/* End PBXGroup section */

/* Begin PBXNativeTarget section */
		CC77117C1C08555A00FE588E /* 相册Test */ = {
			isa = PBXNativeTarget;
			buildConfigurationList = CC7711A01C08555A00FE588E /* Build configuration list for PBXNativeTarget "相册Test" */;
			buildPhases = (
				CC7711791C08555A00FE588E /* Sources */,
				CC77117A1C08555A00FE588E /* Frameworks */,
				CC77117B1C08555A00FE588E /* Resources */,
			);
			buildRules = (
			);
			dependencies = (
			);
			name = "相册Test";
			productName = "相册Test";
			productReference = CC77117D1C08555A00FE588E /* 相册Test.app */;
			productType = "com.apple.product-type.application";
		};
		CC7711951C08555A00FE588E /* 相册TestTests */ = {
			isa = PBXNativeTarget;
			buildConfigurationList = CC7711A31C08555A00FE588E /* Build configuration list for PBXNativeTarget "相册TestTests" */;
			buildPhases = (
				CC7711921C08555A00FE588E /* Sources */,
				CC7711931C08555A00FE588E /* Frameworks */,
				CC7711941C08555A00FE588E /* Resources */,
			);
			buildRules = (
			);
			dependencies = (
				CC7711981C08555A00FE588E /* PBXTargetDependency */,
			);
			name = "相册TestTests";
			productName = "相册TestTests";
			productReference = CC7711961C08555A00FE588E /* 相册TestTests.xctest */;
			productType = "com.apple.product-type.bundle.unit-test";
		};
/* End PBXNativeTarget section */

/* Begin PBXProject section */
		CC7711751C08555A00FE588E /* Project object */ = {
			isa = PBXProject;
			attributes = {
				LastUpgradeCheck = 0630;
				ORGANIZATIONNAME = QingYun;
				TargetAttributes = {
					CC77117C1C08555A00FE588E = {
						CreatedOnToolsVersion = 6.3;
					};
					CC7711951C08555A00FE588E = {
						CreatedOnToolsVersion = 6.3;
						TestTargetID = CC77117C1C08555A00FE588E;
					};
				};
			};
			buildConfigurationList = CC7711781C08555A00FE588E /* Build configuration list for PBXProject "相册Test" */;
			compatibilityVersion = "Xcode 3.2";
			developmentRegion = English;
			hasScannedForEncodings = 0;
			knownRegions = (
				en,
				Base,
			);
			mainGroup = CC7711741C08555A00FE588E;
			productRefGroup = CC77117E1C08555A00FE588E /* Products */;
			projectDirPath = "";
			projectRoot = "";
			targets = (
				CC77117C1C08555A00FE588E /* 相册Test */,
				CC7711951C08555A00FE588E /* 相册TestTests */,
			);
		};
/* End PBXProject section */

/* Begin PBXResourcesBuildPhase section */
		CC77117B1C08555A00FE588E /* Resources */ = {
			isa = PBXResourcesBuildPhase;
			buildActionMask = 2147483647;
			files = (
				CC77118C1C08555A00FE588E /* Main.storyboard in Resources */,
				CC7711911C08555A00FE588E /* LaunchScreen.xib in Resources */,
				CC77118E1C08555A00FE588E /* Images.xcassets in Resources */,
			);
			runOnlyForDeploymentPostprocessing = 0;
		};
		CC7711941C08555A00FE588E /* Resources */ = {
			isa = PBXResourcesBuildPhase;
			buildActionMask = 2147483647;
			files = (
			);
			runOnlyForDeploymentPostprocessing = 0;
		};
/* End PBXResourcesBuildPhase section */

/* Begin PBXSourcesBuildPhase section */
		CC7711791C08555A00FE588E /* Sources */ = {
			isa = PBXSourcesBuildPhase;
			buildActionMask = 2147483647;
			files = (
				CC7711891C08555A00FE588E /* ViewController.m in Sources */,
				CC7711861C08555A00FE588E /* AppDelegate.m in Sources */,
				CC7711831C08555A00FE588E /* main.m in Sources */,
			);
			runOnlyForDeploymentPostprocessing = 0;
		};
		CC7711921C08555A00FE588E /* Sources */ = {
			isa = PBXSourcesBuildPhase;
			buildActionMask = 2147483647;
			files = (
				CC77119D1C08555A00FE588E /* __TestTests.m in Sources */,
			);
			runOnlyForDeploymentPostprocessing = 0;
		};
/* End PBXSourcesBuildPhase section */

/* Begin PBXTargetDependency section */
		CC7711981C08555A00FE588E /* PBXTargetDependency */ = {
			isa = PBXTargetDependency;
			target = CC77117C1C08555A00FE588E /* 相册Test */;
			targetProxy = CC7711971C08555A00FE588E /* PBXContainerItemProxy */;
		};
/* End PBXTargetDependency section */

/* Begin PBXVariantGroup section */
		CC77118A1C08555A00FE588E /* Main.storyboard */ = {
			isa = PBXVariantGroup;
			children = (
				CC77118B1C08555A00FE588E /* Base */,
			);
			name = Main.storyboard;
			sourceTree = "<group>";
		};
		CC77118F1C08555A00FE588E /* LaunchScreen.xib */ = {
			isa = PBXVariantGroup;
			children = (
				CC7711901C08555A00FE588E /* Base */,
			);
			name = LaunchScreen.xib;
			sourceTree = "<group>";
		};
/* End PBXVariantGroup section */

/* Begin XCBuildConfiguration section */
		CC77119E1C08555A00FE588E /* Debug */ = {
			isa = XCBuildConfiguration;
			buildSettings = {
				ALWAYS_SEARCH_USER_PATHS = NO;
				CLANG_CXX_LANGUAGE_STANDARD = "gnu++0x";
				CLANG_CXX_LIBRARY = "libc++";
				CLANG_ENABLE_MODULES = YES;
				CLANG_ENABLE_OBJC_ARC = YES;
				CLANG_WARN_BOOL_CONVERSION = YES;
				CLANG_WARN_CONSTANT_CONVERSION = YES;
				CLANG_WARN_DIRECT_OBJC_ISA_USAGE = YES_ERROR;
				CLANG_WARN_EMPTY_BODY = YES;
				CLANG_WARN_ENUM_CONVERSION = YES;
				CLANG_WARN_INT_CONVERSION = YES;
				CLANG_WARN_OBJC_ROOT_CLASS = YES_ERROR;
				CLANG_WARN_UNREACHABLE_CODE = YES;
				CLANG_WARN__DUPLICATE_METHOD_MATCH = YES;
				"CODE_SIGN_IDENTITY[sdk=iphoneos*]" = "iPhone Developer";
				COPY_PHASE_STRIP = NO;
				DEBUG_INFORMATION_FORMAT = "dwarf-with-dsym";
				ENABLE_STRICT_OBJC_MSGSEND = YES;
				GCC_C_LANGUAGE_STANDARD = gnu99;
				GCC_DYNAMIC_NO_PIC = NO;
				GCC_NO_COMMON_BLOCKS = YES;
				GCC_OPTIMIZATION_LEVEL = 0;
				GCC_PREPROCESSOR_DEFINITIONS = (
					"DEBUG=1",
					"$(inherited)",
				);
				GCC_SYMBOLS_PRIVATE_EXTERN = NO;
				GCC_WARN_64_TO_32_BIT_CONVERSION = YES;
				GCC_WARN_ABOUT_RETURN_TYPE = YES_ERROR;
				GCC_WARN_UNDECLARED_SELECTOR = YES;
				GCC_WARN_UNINITIALIZED_AUTOS = YES_AGGRESSIVE;
				GCC_WARN_UNUSED_FUNCTION = YES;
				GCC_WARN_UNUSED_VARIABLE = YES;
				IPHONEOS_DEPLOYMENT_TARGET = 8.3;
				MTL_ENABLE_DEBUG_INFO = YES;
				ONLY_ACTIVE_ARCH = YES;
				SDKROOT = iphoneos;
			};
			name = Debug;
		};
		CC77119F1C08555A00FE588E /* Release */ = {
			isa = XCBuildConfiguration;
			buildSettings = {
				ALWAYS_SEARCH_USER_PATHS = NO;
				CLANG_CXX_LANGUAGE_STANDARD = "gnu++0x";
				CLANG_CXX_LIBRARY = "libc++";
				CLANG_ENABLE_MODULES = YES;
				CLANG_ENABLE_OBJC_ARC = YES;
				CLANG_WARN_BOOL_CONVERSION = YES;
				CLANG_WARN_CONSTANT_CONVERSION = YES;
				CLANG_WARN_DIRECT_OBJC_ISA_USAGE = YES_ERROR;
				CLANG_WARN_EMPTY_BODY = YES;
				CLANG_WARN_ENUM_CONVERSION = YES;
				CLANG_WARN_INT_CONVERSION = YES;
				CLANG_WARN_OBJC_ROOT_CLASS = YES_ERROR;
				CLANG_WARN_UNREACHABLE_CODE = YES;
				CLANG_WARN__DUPLICATE_METHOD_MATCH = YES;
				"CODE_SIGN_IDENTITY[sdk=iphoneos*]" = "iPhone Developer";
				COPY_PHASE_STRIP = NO;
				DEBUG_INFORMATION_FORMAT = "dwarf-with-dsym";
				ENABLE_NS_ASSERTIONS = NO;
				ENABLE_STRICT_OBJC_MSGSEND = YES;
				GCC_C_LANGUAGE_STANDARD = gnu99;
				GCC_NO_COMMON_BLOCKS = YES;
				GCC_WARN_64_TO_32_BIT_CONVERSION = YES;
				GCC_WARN_ABOUT_RETURN_TYPE = YES_ERROR;
				GCC_WARN_UNDECLARED_SELECTOR = YES;
				GCC_WARN_UNINITIALIZED_AUTOS = YES_AGGRESSIVE;
				GCC_WARN_UNUSED_FUNCTION = YES;
				GCC_WARN_UNUSED_VARIABLE = YES;
				IPHONEOS_DEPLOYMENT_TARGET = 8.3;
				MTL_ENABLE_DEBUG_INFO = NO;
				SDKROOT = iphoneos;
				VALIDATE_PRODUCT = YES;
			};
			name = Release;
		};
		CC7711A11C08555A00FE588E /* Debug */ = {
			isa = XCBuildConfiguration;
			buildSettings = {
				ASSETCATALOG_COMPILER_APPICON_NAME = AppIcon;
				INFOPLIST_FILE = "相册Test/Info.plist";
				LD_RUNPATH_SEARCH_PATHS = "$(inherited) @executable_path/Frameworks";
				PRODUCT_NAME = "$(TARGET_NAME)";
			};
			name = Debug;
		};
		CC7711A21C08555A00FE588E /* Release */ = {
			isa = XCBuildConfiguration;
			buildSettings = {
				ASSETCATALOG_COMPILER_APPICON_NAME = AppIcon;
				INFOPLIST_FILE = "相册Test/Info.plist";
				LD_RUNPATH_SEARCH_PATHS = "$(inherited) @executable_path/Frameworks";
				PRODUCT_NAME = "$(TARGET_NAME)";
			};
			name = Release;
		};
		CC7711A41C08555A00FE588E /* Debug */ = {
			isa = XCBuildConfiguration;
			buildSettings = {
				BUNDLE_LOADER = "$(TEST_HOST)";
				FRAMEWORK_SEARCH_PATHS = (
					"$(SDKROOT)/Developer/Library/Frameworks",
					"$(inherited)",
				);
				GCC_PREPROCESSOR_DEFINITIONS = (
					"DEBUG=1",
					"$(inherited)",
				);
				INFOPLIST_FILE = "相册TestTests/Info.plist";
				LD_RUNPATH_SEARCH_PATHS = "$(inherited) @executable_path/Frameworks @loader_path/Frameworks";
				PRODUCT_NAME = "$(TARGET_NAME)";
				TEST_HOST = "$(BUILT_PRODUCTS_DIR)/相册Test.app/相册Test";
			};
			name = Debug;
		};
		CC7711A51C08555A00FE588E /* Release */ = {
			isa = XCBuildConfiguration;
			buildSettings = {
				BUNDLE_LOADER = "$(TEST_HOST)";
				FRAMEWORK_SEARCH_PATHS = (
					"$(SDKROOT)/Developer/Library/Frameworks",
					"$(inherited)",
				);
				INFOPLIST_FILE = "相册TestTests/Info.plist";
				LD_RUNPATH_SEARCH_PATHS = "$(inherited) @executable_path/Frameworks @loader_path/Frameworks";
				PRODUCT_NAME = "$(TARGET_NAME)";
				TEST_HOST = "$(BUILT_PRODUCTS_DIR)/相册Test.app/相册Test";
			};
			name = Release;
		};
/* End XCBuildConfiguration section */

/* Begin XCConfigurationList section */
		CC7711781C08555A00FE588E /* Build configuration list for PBXProject "相册Test" */ = {
			isa = XCConfigurationList;
			buildConfigurations = (
				CC77119E1C08555A00FE588E /* Debug */,
				CC77119F1C08555A00FE588E /* Release */,
			);
			defaultConfigurationIsVisible = 0;
			defaultConfigurationName = Release;
		};
		CC7711A01C08555A00FE588E /* Build configuration list for PBXNativeTarget "相册Test" */ = {
			isa = XCConfigurationList;
			buildConfigurations = (
				CC7711A11C08555A00FE588E /* Debug */,
				CC7711A21C08555A00FE588E /* Release */,
			);
			defaultConfigurationIsVisible = 0;
		};
		CC7711A31C08555A00FE588E /* Build configuration list for PBXNativeTarget "相册TestTests" */ = {
			isa = XCConfigurationList;
			buildConfigurations = (
				CC7711A41C08555A00FE588E /* Debug */,
				CC7711A51C08555A00FE588E /* Release */,
			);
			defaultConfigurationIsVisible = 0;
		};
/* End XCConfigurationList section */
	};
	rootObject = CC7711751C08555A00FE588E /* Project object */;
}
